
Microsoft Visual Studio Solution File, Format Version 12.00
# Visual Studio 15
VisualStudioVersion = 15.0.28010.2016
MinimumVisualStudioVersion = 10.0.40219.1
Project("{FAE04EC0-301F-11D3-BF4B-00C04F79EFBC}") = "Site1", "Site1\Site1.csproj", "{48A71A43-FD8E-494A-86AD-4912C331CC02}"
EndProject
Project("{FAE04EC0-301F-11D3-BF4B-00C04F79EFBC}") = "DAL", "DAL\DAL.csproj", "{25880837-9010-4F95-A523-24335DABE393}"
EndProject
Global
	GlobalSection(SolutionConfigurationPlatforms) = preSolution
		Debug|Any CPU = Debug|Any CPU
		Release|Any CPU = Release|Any CPU
	EndGlobalSection
	GlobalSection(ProjectConfigurationPlatforms) = postSolution
		{48A71A43-FD8E-494A-86AD-4912C331CC02}.Debug|Any CPU.ActiveCfg = Debug|Any CPU
		{48A71A43-FD8E-494A-86AD-4912C331CC02}.Debug|Any CPU.Build.0 = Debug|Any CPU
		{48A71A43-FD8E-494A-86AD-4912C331CC02}.Release|Any CPU.ActiveCfg = Release|Any CPU
		{48A71A43-FD8E-494A-86AD-4912C331CC02}.Release|Any CPU.Build.0 = Release|Any CPU
		{25880837-9010-4F95-A523-24335DABE393}.Debug|Any CPU.ActiveCfg = Debug|Any CPU
		{25880837-9010-4F95-A523-24335DABE393}.Debug|Any CPU.Build.0 = Debug|Any CPU
		{25880837-9010-4F95-A523-24335DABE393}.Release|Any CPU.ActiveCfg = Release|Any CPU
		{25880837-9010-4F95-A523-24335DABE393}.Release|Any CPU.Build.0 = Release|Any CPU
	EndGlobalSection
	GlobalSection(SolutionProperties) = preSolution
		HideSolutionNode = FALSE
	EndGlobalSection
	GlobalSection(ExtensibilityGlobals) = postSolution
		SolutionGuid = {C9816615-8360-46BD-A4FB-4D60BC045764}
	EndGlobalSection
EndGlobal
